
Microsoft Visual Studio Solution File, Format Version 12.00
# Visual Studio Version 16
VisualStudioVersion = 16.0.31424.327
MinimumVisualStudioVersion = 10.0.40219.1
Project("{FAE04EC0-301F-11D3-BF4B-00C04F79EFBC}") = "SqlScriptExtract", "SqlScriptExtract\SqlScriptExtract.csproj", "{4B477493-525F-4D4B-8A91-9762DC77D31B}"
EndProject
Global
	GlobalSection(SolutionConfigurationPlatforms) = preSolution
		Debug|Any CPU = Debug|Any CPU
		Release|Any CPU = Release|Any CPU
	EndGlobalSection
	GlobalSection(ProjectConfigurationPlatforms) = postSolution
		{4B477493-525F-4D4B-8A91-9762DC77D31B}.Debug|Any CPU.ActiveCfg = Debug|Any CPU
		{4B477493-525F-4D4B-8A91-9762DC77D31B}.Debug|Any CPU.Build.0 = Debug|Any CPU
		{4B477493-525F-4D4B-8A91-9762DC77D31B}.Release|Any CPU.ActiveCfg = Release|Any CPU
		{4B477493-525F-4D4B-8A91-9762DC77D31B}.Release|Any CPU.Build.0 = Release|Any CPU
	EndGlobalSection
	GlobalSection(SolutionProperties) = preSolution
		HideSolutionNode = FALSE
	EndGlobalSection
	GlobalSection(ExtensibilityGlobals) = postSolution
		SolutionGuid = {6801ABBA-B150-42F8-A9FB-42559F969672}
	EndGlobalSection
EndGlobal
